// !$*UTF8*$!
{
	archiveVersion = 1;
	classes = {
	};
	objectVersion = 50;
	objects = {

/* Begin PBXBuildFile section */
		FE1DF7E624EC1E7000283980 /* Color+Hexadecimal.swift in Sources */ = {isa = PBXBuildFile; fileRef = FE1DF7E524EC1E7000283980 /* Color+Hexadecimal.swift */; };
		FE4FECC224EA1733000C76AC /* CardView.swift in Sources */ = {isa = PBXBuildFile; fileRef = FE4FECC124EA1733000C76AC /* CardView.swift */; };
		FE64ABE724EA168800384884 /* GridLayout.swift in Sources */ = {isa = PBXBuildFile; fileRef = FE64ABE524EA168800384884 /* GridLayout.swift */; };
		FE64ABE824EA168800384884 /* GridView.swift in Sources */ = {isa = PBXBuildFile; fileRef = FE64ABE624EA168800384884 /* GridView.swift */; };
		FE7F944D24ECB30D007D9A93 /* DealtCardsView.swift in Sources */ = {isa = PBXBuildFile; fileRef = FE7F944C24ECB30D007D9A93 /* DealtCardsView.swift */; };
		FE7F944F24ECB393007D9A93 /* ViewUtilities.swift in Sources */ = {isa = PBXBuildFile; fileRef = FE7F944E24ECB393007D9A93 /* ViewUtilities.swift */; };
		FEBD9CE524EC425800BE124E /* PopUpView.swift in Sources */ = {isa = PBXBuildFile; fileRef = FEBD9CE424EC425800BE124E /* PopUpView.swift */; };
		FEBD9CE724EC4AA600BE124E /* FooterView.swift in Sources */ = {isa = PBXBuildFile; fileRef = FEBD9CE624EC4AA600BE124E /* FooterView.swift */; };
		FED1B5C224E6F5F0004100E2 /* AppDelegate.swift in Sources */ = {isa = PBXBuildFile; fileRef = FED1B5C124E6F5F0004100E2 /* AppDelegate.swift */; };
		FED1B5C424E6F5F0004100E2 /* SceneDelegate.swift in Sources */ = {isa = PBXBuildFile; fileRef = FED1B5C324E6F5F0004100E2 /* SceneDelegate.swift */; };
		FED1B5C624E6F5F0004100E2 /* SetSolitareGameView.swift in Sources */ = {isa = PBXBuildFile; fileRef = FED1B5C524E6F5F0004100E2 /* SetSolitareGameView.swift */; };
		FED1B5C824E6F5F2004100E2 /* Assets.xcassets in Resources */ = {isa = PBXBuildFile; fileRef = FED1B5C724E6F5F2004100E2 /* Assets.xcassets */; };
		FED1B5CB24E6F5F2004100E2 /* Preview Assets.xcassets in Resources */ = {isa = PBXBuildFile; fileRef = FED1B5CA24E6F5F2004100E2 /* Preview Assets.xcassets */; };
		FED1B5CE24E6F5F2004100E2 /* LaunchScreen.storyboard in Resources */ = {isa = PBXBuildFile; fileRef = FED1B5CC24E6F5F2004100E2 /* LaunchScreen.storyboard */; };
		FED1B5D924E6F69A004100E2 /* SetGame.swift in Sources */ = {isa = PBXBuildFile; fileRef = FED1B5D824E6F69A004100E2 /* SetGame.swift */; };
		FED1B5DB24E6FEF1004100E2 /* Array+Identifiable.swift in Sources */ = {isa = PBXBuildFile; fileRef = FED1B5DA24E6FEF1004100E2 /* Array+Identifiable.swift */; };
		FED1B5DD24E713CE004100E2 /* SetSolitareVM.swift in Sources */ = {isa = PBXBuildFile; fileRef = FED1B5DC24E713CE004100E2 /* SetSolitareVM.swift */; };
/* End PBXBuildFile section */

/* Begin PBXFileReference section */
		FE1DF7E524EC1E7000283980 /* Color+Hexadecimal.swift */ = {isa = PBXFileReference; lastKnownFileType = sourcecode.swift; path = "Color+Hexadecimal.swift"; sourceTree = "<group>"; };
		FE4FECC124EA1733000C76AC /* CardView.swift */ = {isa = PBXFileReference; fileEncoding = 4; lastKnownFileType = sourcecode.swift; path = CardView.swift; sourceTree = "<group>"; };
		FE64ABE524EA168800384884 /* GridLayout.swift */ = {isa = PBXFileReference; fileEncoding = 4; lastKnownFileType = sourcecode.swift; path = GridLayout.swift; sourceTree = "<group>"; };
		FE64ABE624EA168800384884 /* GridView.swift */ = {isa = PBXFileReference; fileEncoding = 4; lastKnownFileType = sourcecode.swift; path = GridView.swift; sourceTree = "<group>"; };
		FE7F944C24ECB30D007D9A93 /* DealtCardsView.swift */ = {isa = PBXFileReference; lastKnownFileType = sourcecode.swift; path = DealtCardsView.swift; sourceTree = "<group>"; };
		FE7F944E24ECB393007D9A93 /* ViewUtilities.swift */ = {isa = PBXFileReference; lastKnownFileType = sourcecode.swift; path = ViewUtilities.swift; sourceTree = "<group>"; };
		FEBD9CE424EC425800BE124E /* PopUpView.swift */ = {isa = PBXFileReference; lastKnownFileType = sourcecode.swift; path = PopUpView.swift; sourceTree = "<group>"; };
		FEBD9CE624EC4AA600BE124E /* FooterView.swift */ = {isa = PBXFileReference; lastKnownFileType = sourcecode.swift; path = FooterView.swift; sourceTree = "<group>"; };
		FED1B5BE24E6F5F0004100E2 /* Set Solitare.app */ = {isa = PBXFileReference; explicitFileType = wrapper.application; includeInIndex = 0; path = "Set Solitare.app"; sourceTree = BUILT_PRODUCTS_DIR; };
		FED1B5C124E6F5F0004100E2 /* AppDelegate.swift */ = {isa = PBXFileReference; lastKnownFileType = sourcecode.swift; path = AppDelegate.swift; sourceTree = "<group>"; };
		FED1B5C324E6F5F0004100E2 /* SceneDelegate.swift */ = {isa = PBXFileReference; lastKnownFileType = sourcecode.swift; path = SceneDelegate.swift; sourceTree = "<group>"; };
		FED1B5C524E6F5F0004100E2 /* SetSolitareGameView.swift */ = {isa = PBXFileReference; lastKnownFileType = sourcecode.swift; path = SetSolitareGameView.swift; sourceTree = "<group>"; };
		FED1B5C724E6F5F2004100E2 /* Assets.xcassets */ = {isa = PBXFileReference; lastKnownFileType = folder.assetcatalog; path = Assets.xcassets; sourceTree = "<group>"; };
		FED1B5CA24E6F5F2004100E2 /* Preview Assets.xcassets */ = {isa = PBXFileReference; lastKnownFileType = folder.assetcatalog; path = "Preview Assets.xcassets"; sourceTree = "<group>"; };
		FED1B5CD24E6F5F2004100E2 /* Base */ = {isa = PBXFileReference; lastKnownFileType = file.storyboard; name = Base; path = Base.lproj/LaunchScreen.storyboard; sourceTree = "<group>"; };
		FED1B5CF24E6F5F2004100E2 /* Info.plist */ = {isa = PBXFileReference; lastKnownFileType = text.plist.xml; path = Info.plist; sourceTree = "<group>"; };
		FED1B5D824E6F69A004100E2 /* SetGame.swift */ = {isa = PBXFileReference; lastKnownFileType = sourcecode.swift; path = SetGame.swift; sourceTree = "<group>"; };
		FED1B5DA24E6FEF1004100E2 /* Array+Identifiable.swift */ = {isa = PBXFileReference; fileEncoding = 4; lastKnownFileType = sourcecode.swift; path = "Array+Identifiable.swift"; sourceTree = "<group>"; };
		FED1B5DC24E713CE004100E2 /* SetSolitareVM.swift */ = {isa = PBXFileReference; lastKnownFileType = sourcecode.swift; path = SetSolitareVM.swift; sourceTree = "<group>"; };
/* End PBXFileReference section */

/* Begin PBXFrameworksBuildPhase section */
		FED1B5BB24E6F5F0004100E2 /* Frameworks */ = {
			isa = PBXFrameworksBuildPhase;
			buildActionMask = 2147483647;
			files = (
			);
			runOnlyForDeploymentPostprocessing = 0;
		};
/* End PBXFrameworksBuildPhase section */

/* Begin PBXGroup section */
		FED1848024EC5EE10015B021 /* Supporting */ = {
			isa = PBXGroup;
			children = (
				FED1B5C124E6F5F0004100E2 /* AppDelegate.swift */,
				FED1B5C324E6F5F0004100E2 /* SceneDelegate.swift */,
				FED1B5DA24E6FEF1004100E2 /* Array+Identifiable.swift */,
				FE1DF7E524EC1E7000283980 /* Color+Hexadecimal.swift */,
			);
			path = Supporting;
			sourceTree = "<group>";
		};
		FED1B5B524E6F5F0004100E2 = {
			isa = PBXGroup;
			children = (
				FED1B5C024E6F5F0004100E2 /* Set Solitare */,
				FED1B5BF24E6F5F0004100E2 /* Products */,
			);
			sourceTree = "<group>";
		};
		FED1B5BF24E6F5F0004100E2 /* Products */ = {
			isa = PBXGroup;
			children = (
				FED1B5BE24E6F5F0004100E2 /* Set Solitare.app */,
			);
			name = Products;
			sourceTree = "<group>";
		};
		FED1B5C024E6F5F0004100E2 /* Set Solitare */ = {
			isa = PBXGroup;
			children = (
				FED1B5D724E6F65A004100E2 /* ViewModel */,
				FED1B5D624E6F650004100E2 /* View */,
				FED1B5D524E6F63B004100E2 /* Model */,
				FED1848024EC5EE10015B021 /* Supporting */,
				FED1B5CF24E6F5F2004100E2 /* Info.plist */,
				FED1B5C924E6F5F2004100E2 /* Preview Content */,
			);
			path = "Set Solitare";
			sourceTree = "<group>";
		};
		FED1B5C924E6F5F2004100E2 /* Preview Content */ = {
			isa = PBXGroup;
			children = (
				FED1B5CA24E6F5F2004100E2 /* Preview Assets.xcassets */,
			);
			path = "Preview Content";
			sourceTree = "<group>";
		};
		FED1B5D524E6F63B004100E2 /* Model */ = {
			isa = PBXGroup;
			children = (
				FED1B5D824E6F69A004100E2 /* SetGame.swift */,
			);
			path = Model;
			sourceTree = "<group>";
		};
		FED1B5D624E6F650004100E2 /* View */ = {
			isa = PBXGroup;
			children = (
				FED1B5C524E6F5F0004100E2 /* SetSolitareGameView.swift */,
				FE7F944C24ECB30D007D9A93 /* DealtCardsView.swift */,
				FEBD9CE624EC4AA600BE124E /* FooterView.swift */,
				FE4FECC124EA1733000C76AC /* CardView.swift */,
				FEBD9CE424EC425800BE124E /* PopUpView.swift */,
				FE64ABE624EA168800384884 /* GridView.swift */,
				FE64ABE524EA168800384884 /* GridLayout.swift */,
				FED1B5C724E6F5F2004100E2 /* Assets.xcassets */,
				FED1B5CC24E6F5F2004100E2 /* LaunchScreen.storyboard */,
				FE7F944E24ECB393007D9A93 /* ViewUtilities.swift */,
			);
			path = View;
			sourceTree = "<group>";
		};
		FED1B5D724E6F65A004100E2 /* ViewModel */ = {
			isa = PBXGroup;
			children = (
				FED1B5DC24E713CE004100E2 /* SetSolitareVM.swift */,
			);
			path = ViewModel;
			sourceTree = "<group>";
		};
/* End PBXGroup section */

/* Begin PBXNativeTarget section */
		FED1B5BD24E6F5F0004100E2 /* Set Solitare */ = {
			isa = PBXNativeTarget;
			buildConfigurationList = FED1B5D224E6F5F2004100E2 /* Build configuration list for PBXNativeTarget "Set Solitare" */;
			buildPhases = (
				FED1B5BA24E6F5F0004100E2 /* Sources */,
				FED1B5BB24E6F5F0004100E2 /* Frameworks */,
				FED1B5BC24E6F5F0004100E2 /* Resources */,
			);
			buildRules = (
			);
			dependencies = (
			);
			name = "Set Solitare";
			productName = "Set Solitare";
			productReference = FED1B5BE24E6F5F0004100E2 /* Set Solitare.app */;
			productType = "com.apple.product-type.application";
		};
/* End PBXNativeTarget section */

/* Begin PBXProject section */
		FED1B5B624E6F5F0004100E2 /* Project object */ = {
			isa = PBXProject;
			attributes = {
				LastSwiftUpdateCheck = 1160;
				LastUpgradeCheck = 1160;
				ORGANIZATIONNAME = "Terry Dengis";
				TargetAttributes = {
					FED1B5BD24E6F5F0004100E2 = {
						CreatedOnToolsVersion = 11.6;
					};
				};
			};
			buildConfigurationList = FED1B5B924E6F5F0004100E2 /* Build configuration list for PBXProject "Set Solitare" */;
			compatibilityVersion = "Xcode 9.3";
			developmentRegion = en;
			hasScannedForEncodings = 0;
			knownRegions = (
				en,
				Base,
			);
			mainGroup = FED1B5B524E6F5F0004100E2;
			productRefGroup = FED1B5BF24E6F5F0004100E2 /* Products */;
			projectDirPath = "";
			projectRoot = "";
			targets = (
				FED1B5BD24E6F5F0004100E2 /* Set Solitare */,
			);
		};
/* End PBXProject section */

/* Begin PBXResourcesBuildPhase section */
		FED1B5BC24E6F5F0004100E2 /* Resources */ = {
			isa = PBXResourcesBuildPhase;
			buildActionMask = 2147483647;
			files = (
				FED1B5CE24E6F5F2004100E2 /* LaunchScreen.storyboard in Resources */,
				FED1B5CB24E6F5F2004100E2 /* Preview Assets.xcassets in Resources */,
				FED1B5C824E6F5F2004100E2 /* Assets.xcassets in Resources */,
			);
			runOnlyForDeploymentPostprocessing = 0;
		};
/* End PBXResourcesBuildPhase section */

/* Begin PBXSourcesBuildPhase section */
		FED1B5BA24E6F5F0004100E2 /* Sources */ = {
			isa = PBXSourcesBuildPhase;
			buildActionMask = 2147483647;
			files = (
				FEBD9CE524EC425800BE124E /* PopUpView.swift in Sources */,
				FED1B5DB24E6FEF1004100E2 /* Array+Identifiable.swift in Sources */,
				FE4FECC224EA1733000C76AC /* CardView.swift in Sources */,
				FE7F944F24ECB393007D9A93 /* ViewUtilities.swift in Sources */,
				FED1B5C224E6F5F0004100E2 /* AppDelegate.swift in Sources */,
				FED1B5D924E6F69A004100E2 /* SetGame.swift in Sources */,
				FED1B5C424E6F5F0004100E2 /* SceneDelegate.swift in Sources */,
				FE64ABE724EA168800384884 /* GridLayout.swift in Sources */,
				FE7F944D24ECB30D007D9A93 /* DealtCardsView.swift in Sources */,
				FED1B5DD24E713CE004100E2 /* SetSolitareVM.swift in Sources */,
				FE1DF7E624EC1E7000283980 /* Color+Hexadecimal.swift in Sources */,
				FEBD9CE724EC4AA600BE124E /* FooterView.swift in Sources */,
				FE64ABE824EA168800384884 /* GridView.swift in Sources */,
				FED1B5C624E6F5F0004100E2 /* SetSolitareGameView.swift in Sources */,
			);
			runOnlyForDeploymentPostprocessing = 0;
		};
/* End PBXSourcesBuildPhase section */

/* Begin PBXVariantGroup section */
		FED1B5CC24E6F5F2004100E2 /* LaunchScreen.storyboard */ = {
			isa = PBXVariantGroup;
			children = (
				FED1B5CD24E6F5F2004100E2 /* Base */,
			);
			name = LaunchScreen.storyboard;
			sourceTree = "<group>";
		};
/* End PBXVariantGroup section */

/* Begin XCBuildConfiguration section */
		FED1B5D024E6F5F2004100E2 /* Debug */ = {
			isa = XCBuildConfiguration;
			buildSettings = {
				ALWAYS_SEARCH_USER_PATHS = NO;
				CLANG_ANALYZER_NONNULL = YES;
				CLANG_ANALYZER_NUMBER_OBJECT_CONVERSION = YES_AGGRESSIVE;
				CLANG_CXX_LANGUAGE_STANDARD = "gnu++14";
				CLANG_CXX_LIBRARY = "libc++";
				CLANG_ENABLE_MODULES = YES;
				CLANG_ENABLE_OBJC_ARC = YES;
				CLANG_ENABLE_OBJC_WEAK = YES;
				CLANG_WARN_BLOCK_CAPTURE_AUTORELEASING = YES;
				CLANG_WARN_BOOL_CONVERSION = YES;
				CLANG_WARN_COMMA = YES;
				CLANG_WARN_CONSTANT_CONVERSION = YES;
				CLANG_WARN_DEPRECATED_OBJC_IMPLEMENTATIONS = YES;
				CLANG_WARN_DIRECT_OBJC_ISA_USAGE = YES_ERROR;
				CLANG_WARN_DOCUMENTATION_COMMENTS = YES;
				CLANG_WARN_EMPTY_BODY = YES;
				CLANG_WARN_ENUM_CONVERSION = YES;
				CLANG_WARN_INFINITE_RECURSION = YES;
				CLANG_WARN_INT_CONVERSION = YES;
				CLANG_WARN_NON_LITERAL_NULL_CONVERSION = YES;
				CLANG_WARN_OBJC_IMPLICIT_RETAIN_SELF = YES;
				CLANG_WARN_OBJC_LITERAL_CONVERSION = YES;
				CLANG_WARN_OBJC_ROOT_CLASS = YES_ERROR;
				CLANG_WARN_RANGE_LOOP_ANALYSIS = YES;
				CLANG_WARN_STRICT_PROTOTYPES = YES;
				CLANG_WARN_SUSPICIOUS_MOVE = YES;
				CLANG_WARN_UNGUARDED_AVAILABILITY = YES_AGGRESSIVE;
				CLANG_WARN_UNREACHABLE_CODE = YES;
				CLANG_WARN__DUPLICATE_METHOD_MATCH = YES;
				COPY_PHASE_STRIP = NO;
				DEBUG_INFORMATION_FORMAT = dwarf;
				ENABLE_STRICT_OBJC_MSGSEND = YES;
				ENABLE_TESTABILITY = YES;
				GCC_C_LANGUAGE_STANDARD = gnu11;
				GCC_DYNAMIC_NO_PIC = NO;
				GCC_NO_COMMON_BLOCKS = YES;
				GCC_OPTIMIZATION_LEVEL = 0;
				GCC_PREPROCESSOR_DEFINITIONS = (
					"DEBUG=1",
					"$(inherited)",
				);
				GCC_WARN_64_TO_32_BIT_CONVERSION = YES;
				GCC_WARN_ABOUT_RETURN_TYPE = YES_ERROR;
				GCC_WARN_UNDECLARED_SELECTOR = YES;
				GCC_WARN_UNINITIALIZED_AUTOS = YES_AGGRESSIVE;
				GCC_WARN_UNUSED_FUNCTION = YES;
				GCC_WARN_UNUSED_VARIABLE = YES;
				IPHONEOS_DEPLOYMENT_TARGET = 13.6;
				MTL_ENABLE_DEBUG_INFO = INCLUDE_SOURCE;
				MTL_FAST_MATH = YES;
				ONLY_ACTIVE_ARCH = YES;
				SDKROOT = iphoneos;
				SWIFT_ACTIVE_COMPILATION_CONDITIONS = DEBUG;
				SWIFT_OPTIMIZATION_LEVEL = "-Onone";
			};
			name = Debug;
		};
		FED1B5D124E6F5F2004100E2 /* Release */ = {
			isa = XCBuildConfiguration;
			buildSettings = {
				ALWAYS_SEARCH_USER_PATHS = NO;
				CLANG_ANALYZER_NONNULL = YES;
				CLANG_ANALYZER_NUMBER_OBJECT_CONVERSION = YES_AGGRESSIVE;
				CLANG_CXX_LANGUAGE_STANDARD = "gnu++14";
				CLANG_CXX_LIBRARY = "libc++";
				CLANG_ENABLE_MODULES = YES;
				CLANG_ENABLE_OBJC_ARC = YES;
				CLANG_ENABLE_OBJC_WEAK = YES;
				CLANG_WARN_BLOCK_CAPTURE_AUTORELEASING = YES;
				CLANG_WARN_BOOL_CONVERSION = YES;
				CLANG_WARN_COMMA = YES;
				CLANG_WARN_CONSTANT_CONVERSION = YES;
				CLANG_WARN_DEPRECATED_OBJC_IMPLEMENTATIONS = YES;
				CLANG_WARN_DIRECT_OBJC_ISA_USAGE = YES_ERROR;
				CLANG_WARN_DOCUMENTATION_COMMENTS = YES;
				CLANG_WARN_EMPTY_BODY = YES;
				CLANG_WARN_ENUM_CONVERSION = YES;
				CLANG_WARN_INFINITE_RECURSION = YES;
				CLANG_WARN_INT_CONVERSION = YES;
				CLANG_WARN_NON_LITERAL_NULL_CONVERSION = YES;
				CLANG_WARN_OBJC_IMPLICIT_RETAIN_SELF = YES;
				CLANG_WARN_OBJC_LITERAL_CONVERSION = YES;
				CLANG_WARN_OBJC_ROOT_CLASS = YES_ERROR;
				CLANG_WARN_RANGE_LOOP_ANALYSIS = YES;
				CLANG_WARN_STRICT_PROTOTYPES = YES;
				CLANG_WARN_SUSPICIOUS_MOVE = YES;
				CLANG_WARN_UNGUARDED_AVAILABILITY = YES_AGGRESSIVE;
				CLANG_WARN_UNREACHABLE_CODE = YES;
				CLANG_WARN__DUPLICATE_METHOD_MATCH = YES;
				COPY_PHASE_STRIP = NO;
				DEBUG_INFORMATION_FORMAT = "dwarf-with-dsym";
				ENABLE_NS_ASSERTIONS = NO;
				ENABLE_STRICT_OBJC_MSGSEND = YES;
				GCC_C_LANGUAGE_STANDARD = gnu11;
				GCC_NO_COMMON_BLOCKS = YES;
				GCC_WARN_64_TO_32_BIT_CONVERSION = YES;
				GCC_WARN_ABOUT_RETURN_TYPE = YES_ERROR;
				GCC_WARN_UNDECLARED_SELECTOR = YES;
				GCC_WARN_UNINITIALIZED_AUTOS = YES_AGGRESSIVE;
				GCC_WARN_UNUSED_FUNCTION = YES;
				GCC_WARN_UNUSED_VARIABLE = YES;
				IPHONEOS_DEPLOYMENT_TARGET = 13.6;
				MTL_ENABLE_DEBUG_INFO = NO;
				MTL_FAST_MATH = YES;
				SDKROOT = iphoneos;
				SWIFT_COMPILATION_MODE = wholemodule;
				SWIFT_OPTIMIZATION_LEVEL = "-O";
				VALIDATE_PRODUCT = YES;
			};
			name = Release;
		};
		FED1B5D324E6F5F2004100E2 /* Debug */ = {
			isa = XCBuildConfiguration;
			buildSettings = {
				ASSETCATALOG_COMPILER_APPICON_NAME = AppIcon;
				CODE_SIGN_STYLE = Automatic;
				DEVELOPMENT_ASSET_PATHS = "\"Set Solitare/Preview Content\"";
				DEVELOPMENT_TEAM = 8WA3Q4R937;
				ENABLE_PREVIEWS = YES;
				INFOPLIST_FILE = "Set Solitare/Info.plist";
				LD_RUNPATH_SEARCH_PATHS = (
					"$(inherited)",
					"@executable_path/Frameworks",
				);
				PRODUCT_BUNDLE_IDENTIFIER = "com.Wavelength.Set-Solitare";
				PRODUCT_NAME = "$(TARGET_NAME)";
				SWIFT_VERSION = 5.0;
				TARGETED_DEVICE_FAMILY = "1,2";
			};
			name = Debug;
		};
		FED1B5D424E6F5F2004100E2 /* Release */ = {
			isa = XCBuildConfiguration;
			buildSettings = {
				ASSETCATALOG_COMPILER_APPICON_NAME = AppIcon;
				CODE_SIGN_STYLE = Automatic;
				DEVELOPMENT_ASSET_PATHS = "\"Set Solitare/Preview Content\"";
				DEVELOPMENT_TEAM = 8WA3Q4R937;
				ENABLE_PREVIEWS = YES;
				INFOPLIST_FILE = "Set Solitare/Info.plist";
				LD_RUNPATH_SEARCH_PATHS = (
					"$(inherited)",
					"@executable_path/Frameworks",
				);
				PRODUCT_BUNDLE_IDENTIFIER = "com.Wavelength.Set-Solitare";
				PRODUCT_NAME = "$(TARGET_NAME)";
				SWIFT_VERSION = 5.0;
				TARGETED_DEVICE_FAMILY = "1,2";
			};
			name = Release;
		};
/* End XCBuildConfiguration section */

/* Begin XCConfigurationList section */
		FED1B5B924E6F5F0004100E2 /* Build configuration list for PBXProject "Set Solitare" */ = {
			isa = XCConfigurationList;
			buildConfigurations = (
				FED1B5D024E6F5F2004100E2 /* Debug */,
				FED1B5D124E6F5F2004100E2 /* Release */,
			);
			defaultConfigurationIsVisible = 0;
			defaultConfigurationName = Release;
		};
		FED1B5D224E6F5F2004100E2 /* Build configuration list for PBXNativeTarget "Set Solitare" */ = {
			isa = XCConfigurationList;
			buildConfigurations = (
				FED1B5D324E6F5F2004100E2 /* Debug */,
				FED1B5D424E6F5F2004100E2 /* Release */,
			);
			defaultConfigurationIsVisible = 0;
			defaultConfigurationName = Release;
		};
/* End XCConfigurationList section */
	};
	rootObject = FED1B5B624E6F5F0004100E2 /* Project object */;
}
